
Microsoft Visual Studio Solution File, Format Version 12.00
# Visual Studio Version 16
VisualStudioVersion = 16.0.30717.126
MinimumVisualStudioVersion = 10.0.40219.1
Project("{FAE04EC0-301F-11D3-BF4B-00C04F79EFBC}") = "Praduct Pull", "Praduct Pull\Praduct Pull.csproj", "{FFF9F303-2F75-4A65-826B-CC430F1D8248}"
EndProject
Global
	GlobalSection(SolutionConfigurationPlatforms) = preSolution
		Debug|Any CPU = Debug|Any CPU
		Release|Any CPU = Release|Any CPU
	EndGlobalSection
	GlobalSection(ProjectConfigurationPlatforms) = postSolution
		{FFF9F303-2F75-4A65-826B-CC430F1D8248}.Debug|Any CPU.ActiveCfg = Debug|Any CPU
		{FFF9F303-2F75-4A65-826B-CC430F1D8248}.Debug|Any CPU.Build.0 = Debug|Any CPU
		{FFF9F303-2F75-4A65-826B-CC430F1D8248}.Release|Any CPU.ActiveCfg = Release|Any CPU
		{FFF9F303-2F75-4A65-826B-CC430F1D8248}.Release|Any CPU.Build.0 = Release|Any CPU
	EndGlobalSection
	GlobalSection(SolutionProperties) = preSolution
		HideSolutionNode = FALSE
	EndGlobalSection
	GlobalSection(ExtensibilityGlobals) = postSolution
		SolutionGuid = {5BE5E19E-5FE2-4E8E-9B2F-F6DDAA85CAD5}
	EndGlobalSection
EndGlobal
